
Microsoft Visual Studio Solution File, Format Version 11.00
# Visual Studio 2010
Project("{8BC9CEB8-8B4A-11D0-8D11-00A0C91BC942}") = "class-sample", "class-sample\class-sample.vcxproj", "{3BB934E1-F2B1-48FB-BD18-47218CD1270D}"
EndProject
Global
	GlobalSection(SolutionConfigurationPlatforms) = preSolution
		Debug|Win32 = Debug|Win32
		Release|Win32 = Release|Win32
	EndGlobalSection
	GlobalSection(ProjectConfigurationPlatforms) = postSolution
		{3BB934E1-F2B1-48FB-BD18-47218CD1270D}.Debug|Win32.ActiveCfg = Debug|Win32
		{3BB934E1-F2B1-48FB-BD18-47218CD1270D}.Debug|Win32.Build.0 = Debug|Win32
		{3BB934E1-F2B1-48FB-BD18-47218CD1270D}.Release|Win32.ActiveCfg = Release|Win32
		{3BB934E1-F2B1-48FB-BD18-47218CD1270D}.Release|Win32.Build.0 = Release|Win32
	EndGlobalSection
	GlobalSection(SolutionProperties) = preSolution
		HideSolutionNode = FALSE
	EndGlobalSection
EndGlobal
