
Microsoft Visual Studio Solution File, Format Version 11.00
# Visual Studio 2010
Project("{8BC9CEB8-8B4A-11D0-8D11-00A0C91BC942}") = "toggle-bits", "toggle-bits\toggle-bits.vcxproj", "{45DCCB6C-4252-40DE-AC69-6A8BCEA269B9}"
EndProject
Global
	GlobalSection(SolutionConfigurationPlatforms) = preSolution
		Debug|Win32 = Debug|Win32
		Release|Win32 = Release|Win32
	EndGlobalSection
	GlobalSection(ProjectConfigurationPlatforms) = postSolution
		{45DCCB6C-4252-40DE-AC69-6A8BCEA269B9}.Debug|Win32.ActiveCfg = Debug|Win32
		{45DCCB6C-4252-40DE-AC69-6A8BCEA269B9}.Debug|Win32.Build.0 = Debug|Win32
		{45DCCB6C-4252-40DE-AC69-6A8BCEA269B9}.Release|Win32.ActiveCfg = Release|Win32
		{45DCCB6C-4252-40DE-AC69-6A8BCEA269B9}.Release|Win32.Build.0 = Release|Win32
	EndGlobalSection
	GlobalSection(SolutionProperties) = preSolution
		HideSolutionNode = FALSE
	EndGlobalSection
EndGlobal
